github.com/davecgh/go-spew v1.1.0 h1:ZDRjVQ15GmhC3fiQ8ni8+OwkZQO4DARzQgrnXU1Liz8=
github.com/davecgh/go-spew v1.1.0/go.mod h1:J7Y8YcW2NihsgmVo/mv3lAwl/skON4iLHjSsI+c5H38=
github.com/fairyhunter13/envcompact v0.0.0-20211115033844-440b338e2fc1 h1:zP/u37zR2NWRQNt6zcb6vNM7TawzGZZ3PpXQ/iGkQfo=
github.com/fairyhunter13/envcompact v0.0.0-20211115033844-440b338e2fc1/go.mod h1:J1mimH11/Eqzkm/lOSYP2Cn5aXCDFY9Tvvssh6p7Drw=
github.com/fairyhunter13/go-lexer v1.0.0-1 h1:D1hBwfy0L+fUcdqPG3crpddeY32BDWrDvncjcoqHJjo=
github.com/fairyhunter13/go-lexer v1.0.0-1/go.mod h1:CSiw6pWfRvEJqmVat2qgOsj2TTB0XDCinoaUyyn1SdI=
github.com/fairyhunter13/pool v0.0.0-20211114080908-60a828fe746c h1:+8wTxSaAJZ74C1NUYIUNoXiwB52SVs0c538bVruH41Y=
github.com/fairyhunter13/pool v0.0.0-20211114080908-60a828fe746c/go.mod h1:RamDxwNsACUYVPVLx1yy9b7AYUoRpnsPkbJZKZqoAYs=
github.com/pmezard/go-difflib v1.0.0 h1:4DBwDE0NGyQoBHbLQYPwSUPoCMWR5BEzIk/f1lZbAQM=
github.com/pmezard/go-difflib v1.0.0/go.mod h1:iKH77koFhYxTK1pcRnkKkqfTogsbg7gZNVY4sRDYZ/4=
github.com/stretchr/objx v0.1.0/go.mod h1:HFkY916IF+rwdDfMAkV7OtwuqBVzrE8GR6GFx+wExME=
github.com/stretchr/testify v1.7.0 h1:nwc3DEeHmmLAfoZucVR881uASk0Mfjw8xYJ99tb5CcY=
github.com/stretchr/testify v1.7.0/go.mod h1:6Fq8oRcR53rry900zMqJjRRixrwX3KX962/h/Wwjteg=
gopkg.in/check.v1 v0.0.0-20161208181325-20d25e280405 h1:yhCVgyC4o1eVCa2tZl7eS0r+SDo693bJlVdllGtEeKM=
gopkg.in/check.v1 v0.0.0-20161208181325-20d25e280405/go.mod h1:Co6ibVJAznAaIkqp8huTwlJQCZ016jof/cbN4VW5Yz0=
gopkg.in/yaml.v3 v3.0.0-20200313102051-9f266ea9e77c h1:dUUwHk2QECo/6vqA44rthZ8ie2QXMNeKRTHCNY2nXvo=
gopkg.in/yaml.v3 v3.0.0-20200313102051-9f266ea9e77c/go.mod h1:K4uyk7z7BCEPqu6E+C64Yfv1cQ7kz7rIZviUmN+EgEM=
